
Microsoft Visual Studio Solution File, Format Version 12.00
# Visual Studio Version 17
VisualStudioVersion = 17.13.35931.197 d17.13
MinimumVisualStudioVersion = 10.0.40219.1
Project("{FAE04EC0-301F-11D3-BF4B-00C04F79EFBC}") = "Ex4", "Ex4.csproj", "{86645D06-BFC9-4A1A-B11D-925804961397}"
EndProject
Global
	GlobalSection(SolutionConfigurationPlatforms) = preSolution
		Debug|Any CPU = Debug|Any CPU
		Release|Any CPU = Release|Any CPU
	EndGlobalSection
	GlobalSection(ProjectConfigurationPlatforms) = postSolution
		{86645D06-BFC9-4A1A-B11D-925804961397}.Debug|Any CPU.ActiveCfg = Debug|Any CPU
		{86645D06-BFC9-4A1A-B11D-925804961397}.Debug|Any CPU.Build.0 = Debug|Any CPU
		{86645D06-BFC9-4A1A-B11D-925804961397}.Release|Any CPU.ActiveCfg = Release|Any CPU
		{86645D06-BFC9-4A1A-B11D-925804961397}.Release|Any CPU.Build.0 = Release|Any CPU
	EndGlobalSection
	GlobalSection(SolutionProperties) = preSolution
		HideSolutionNode = FALSE
	EndGlobalSection
	GlobalSection(ExtensibilityGlobals) = postSolution
		SolutionGuid = {03441DEE-6A10-4BB4-A434-C1CBEB4100F4}
	EndGlobalSection
EndGlobal
